
Microsoft Visual Studio Solution File, Format Version 12.00
# Visual Studio 2013
VisualStudioVersion = 12.0.0.0
MinimumVisualStudioVersion = 10.0.0.1
Project("{FAE04EC0-301F-11D3-BF4B-00C04F79EFBC}") = "Ellegia.Domain.Core", "Ellegia.Domain.Core/Ellegia.Domain.Core.csproj", "{7009F9F1-062F-43BD-8E58-27DFAE994801}"
EndProject
Project("{FAE04EC0-301F-11D3-BF4B-00C04F79EFBC}") = "Ellegia.Domain", "Ellegia.Domain\Ellegia.Domain.csproj", "{9C2AC53F-AEC6-4E66-BDA5-3D2B67D4ECA7}"
EndProject
Project("{FAE04EC0-301F-11D3-BF4B-00C04F79EFBC}") = "Ellegia.Infra.Data", "Ellegia.Infra.Data\Ellegia.Infra.Data.csproj", "{78B074C2-CEC9-4819-A1B4-AD00D517D38D}"
EndProject
Project("{FAE04EC0-301F-11D3-BF4B-00C04F79EFBC}") = "Ellegia.WebApi", "Ellegia.WebApi\Ellegia.WebApi.csproj", "{10F6E5C6-A1CC-41C8-9CCD-484A45A981C6}"
EndProject
Project("{FAE04EC0-301F-11D3-BF4B-00C04F79EFBC}") = "Ellegia.Application", "Ellegia.Application\Ellegia.Application.csproj", "{FB2AC14C-DDE3-47AB-8FC4-291F0A455EA2}"
EndProject
Project("{FAE04EC0-301F-11D3-BF4B-00C04F79EFBC}") = "Ellegia.Infra.CrossCutting.IoC", "Ellegia.Infra.CrossCutting.IoC\Ellegia.Infra.CrossCutting.IoC.csproj", "{33ABED74-3FDD-40BE-AD3E-27FACCE3D5CD}"
EndProject
Global
	GlobalSection(SolutionConfigurationPlatforms) = preSolution
		Debug|Any CPU = Debug|Any CPU
		Release|Any CPU = Release|Any CPU
	EndGlobalSection
	GlobalSection(ProjectConfigurationPlatforms) = postSolution
		{7009F9F1-062F-43BD-8E58-27DFAE994801}.Debug|Any CPU.ActiveCfg = Debug|Any CPU
		{7009F9F1-062F-43BD-8E58-27DFAE994801}.Debug|Any CPU.Build.0 = Debug|Any CPU
		{7009F9F1-062F-43BD-8E58-27DFAE994801}.Release|Any CPU.ActiveCfg = Release|Any CPU
		{7009F9F1-062F-43BD-8E58-27DFAE994801}.Release|Any CPU.Build.0 = Release|Any CPU
		{9C2AC53F-AEC6-4E66-BDA5-3D2B67D4ECA7}.Debug|Any CPU.ActiveCfg = Debug|Any CPU
		{9C2AC53F-AEC6-4E66-BDA5-3D2B67D4ECA7}.Debug|Any CPU.Build.0 = Debug|Any CPU
		{9C2AC53F-AEC6-4E66-BDA5-3D2B67D4ECA7}.Release|Any CPU.ActiveCfg = Release|Any CPU
		{9C2AC53F-AEC6-4E66-BDA5-3D2B67D4ECA7}.Release|Any CPU.Build.0 = Release|Any CPU
		{78B074C2-CEC9-4819-A1B4-AD00D517D38D}.Debug|Any CPU.ActiveCfg = Debug|Any CPU
		{78B074C2-CEC9-4819-A1B4-AD00D517D38D}.Debug|Any CPU.Build.0 = Debug|Any CPU
		{78B074C2-CEC9-4819-A1B4-AD00D517D38D}.Release|Any CPU.ActiveCfg = Release|Any CPU
		{78B074C2-CEC9-4819-A1B4-AD00D517D38D}.Release|Any CPU.Build.0 = Release|Any CPU
		{10F6E5C6-A1CC-41C8-9CCD-484A45A981C6}.Debug|Any CPU.ActiveCfg = Debug|Any CPU
		{10F6E5C6-A1CC-41C8-9CCD-484A45A981C6}.Debug|Any CPU.Build.0 = Debug|Any CPU
		{10F6E5C6-A1CC-41C8-9CCD-484A45A981C6}.Release|Any CPU.ActiveCfg = Release|Any CPU
		{10F6E5C6-A1CC-41C8-9CCD-484A45A981C6}.Release|Any CPU.Build.0 = Release|Any CPU
		{FB2AC14C-DDE3-47AB-8FC4-291F0A455EA2}.Debug|Any CPU.ActiveCfg = Debug|Any CPU
		{FB2AC14C-DDE3-47AB-8FC4-291F0A455EA2}.Debug|Any CPU.Build.0 = Debug|Any CPU
		{FB2AC14C-DDE3-47AB-8FC4-291F0A455EA2}.Release|Any CPU.ActiveCfg = Release|Any CPU
		{FB2AC14C-DDE3-47AB-8FC4-291F0A455EA2}.Release|Any CPU.Build.0 = Release|Any CPU
		{33ABED74-3FDD-40BE-AD3E-27FACCE3D5CD}.Debug|Any CPU.ActiveCfg = Debug|Any CPU
		{33ABED74-3FDD-40BE-AD3E-27FACCE3D5CD}.Debug|Any CPU.Build.0 = Debug|Any CPU
		{33ABED74-3FDD-40BE-AD3E-27FACCE3D5CD}.Release|Any CPU.ActiveCfg = Release|Any CPU
		{33ABED74-3FDD-40BE-AD3E-27FACCE3D5CD}.Release|Any CPU.Build.0 = Release|Any CPU
	EndGlobalSection
	GlobalSection(SolutionProperties) = preSolution
		HideSolutionNode = FALSE
	EndGlobalSection
EndGlobal
